
Microsoft Visual Studio Solution File, Format Version 12.00
# Visual Studio Version 16
VisualStudioVersion = 16.0.31205.134
MinimumVisualStudioVersion = 10.0.40219.1
Project("{FAE04EC0-301F-11D3-BF4B-00C04F79EFBC}") = "SmevAdapterService", "Tfoms.SmevAdapterService\SmevAdapterService.csproj", "{7AA929B0-810D-458B-A62C-4BF98C1F6039}"
EndProject
Project("{FAE04EC0-301F-11D3-BF4B-00C04F79EFBC}") = "SMEV", "SMEV.WCFContract\SMEV.csproj", "{DA41A67D-29A1-4F4B-9B0F-2DC5278BADC2}"
EndProject
Project("{FAE04EC0-301F-11D3-BF4B-00C04F79EFBC}") = "AddapterSMEVClient", "AddapterSMEVClient\AddapterSMEVClient.csproj", "{0B2E484F-D914-44A8-9FD6-29A734368172}"
EndProject
Project("{FAE04EC0-301F-11D3-BF4B-00C04F79EFBC}") = "SmevAdapterServiceTests", "SmevAdapterServiceTests\SmevAdapterServiceTests.csproj", "{31AC3B03-61EF-4989-9177-781B55956B25}"
EndProject
Project("{FAE04EC0-301F-11D3-BF4B-00C04F79EFBC}") = "CabinetContract", "ICabinetService\CabinetContract.csproj", "{4781F6D3-C99D-46C1-9F28-E2A5A84A65A2}"
EndProject
Global
	GlobalSection(SolutionConfigurationPlatforms) = preSolution
		CD_ROM|Any CPU = CD_ROM|Any CPU
		Debug|Any CPU = Debug|Any CPU
		DVD-5|Any CPU = DVD-5|Any CPU
		Release|Any CPU = Release|Any CPU
		SingleImage|Any CPU = SingleImage|Any CPU
	EndGlobalSection
	GlobalSection(ProjectConfigurationPlatforms) = postSolution
		{7AA929B0-810D-458B-A62C-4BF98C1F6039}.CD_ROM|Any CPU.ActiveCfg = Release|Any CPU
		{7AA929B0-810D-458B-A62C-4BF98C1F6039}.CD_ROM|Any CPU.Build.0 = Release|Any CPU
		{7AA929B0-810D-458B-A62C-4BF98C1F6039}.Debug|Any CPU.ActiveCfg = Debug|Any CPU
		{7AA929B0-810D-458B-A62C-4BF98C1F6039}.Debug|Any CPU.Build.0 = Debug|Any CPU
		{7AA929B0-810D-458B-A62C-4BF98C1F6039}.DVD-5|Any CPU.ActiveCfg = Debug|Any CPU
		{7AA929B0-810D-458B-A62C-4BF98C1F6039}.DVD-5|Any CPU.Build.0 = Debug|Any CPU
		{7AA929B0-810D-458B-A62C-4BF98C1F6039}.Release|Any CPU.ActiveCfg = Release|Any CPU
		{7AA929B0-810D-458B-A62C-4BF98C1F6039}.Release|Any CPU.Build.0 = Release|Any CPU
		{7AA929B0-810D-458B-A62C-4BF98C1F6039}.SingleImage|Any CPU.ActiveCfg = Release|Any CPU
		{7AA929B0-810D-458B-A62C-4BF98C1F6039}.SingleImage|Any CPU.Build.0 = Release|Any CPU
		{DA41A67D-29A1-4F4B-9B0F-2DC5278BADC2}.CD_ROM|Any CPU.ActiveCfg = Release|Any CPU
		{DA41A67D-29A1-4F4B-9B0F-2DC5278BADC2}.CD_ROM|Any CPU.Build.0 = Release|Any CPU
		{DA41A67D-29A1-4F4B-9B0F-2DC5278BADC2}.Debug|Any CPU.ActiveCfg = Debug|Any CPU
		{DA41A67D-29A1-4F4B-9B0F-2DC5278BADC2}.Debug|Any CPU.Build.0 = Debug|Any CPU
		{DA41A67D-29A1-4F4B-9B0F-2DC5278BADC2}.DVD-5|Any CPU.ActiveCfg = Debug|Any CPU
		{DA41A67D-29A1-4F4B-9B0F-2DC5278BADC2}.DVD-5|Any CPU.Build.0 = Debug|Any CPU
		{DA41A67D-29A1-4F4B-9B0F-2DC5278BADC2}.Release|Any CPU.ActiveCfg = Release|Any CPU
		{DA41A67D-29A1-4F4B-9B0F-2DC5278BADC2}.Release|Any CPU.Build.0 = Release|Any CPU
		{DA41A67D-29A1-4F4B-9B0F-2DC5278BADC2}.SingleImage|Any CPU.ActiveCfg = Release|Any CPU
		{DA41A67D-29A1-4F4B-9B0F-2DC5278BADC2}.SingleImage|Any CPU.Build.0 = Release|Any CPU
		{0B2E484F-D914-44A8-9FD6-29A734368172}.CD_ROM|Any CPU.ActiveCfg = Release|Any CPU
		{0B2E484F-D914-44A8-9FD6-29A734368172}.CD_ROM|Any CPU.Build.0 = Release|Any CPU
		{0B2E484F-D914-44A8-9FD6-29A734368172}.Debug|Any CPU.ActiveCfg = Debug|Any CPU
		{0B2E484F-D914-44A8-9FD6-29A734368172}.Debug|Any CPU.Build.0 = Debug|Any CPU
		{0B2E484F-D914-44A8-9FD6-29A734368172}.DVD-5|Any CPU.ActiveCfg = Debug|Any CPU
		{0B2E484F-D914-44A8-9FD6-29A734368172}.DVD-5|Any CPU.Build.0 = Debug|Any CPU
		{0B2E484F-D914-44A8-9FD6-29A734368172}.Release|Any CPU.ActiveCfg = Release|Any CPU
		{0B2E484F-D914-44A8-9FD6-29A734368172}.Release|Any CPU.Build.0 = Release|Any CPU
		{0B2E484F-D914-44A8-9FD6-29A734368172}.SingleImage|Any CPU.ActiveCfg = Release|Any CPU
		{0B2E484F-D914-44A8-9FD6-29A734368172}.SingleImage|Any CPU.Build.0 = Release|Any CPU
		{31AC3B03-61EF-4989-9177-781B55956B25}.CD_ROM|Any CPU.ActiveCfg = Debug|Any CPU
		{31AC3B03-61EF-4989-9177-781B55956B25}.CD_ROM|Any CPU.Build.0 = Debug|Any CPU
		{31AC3B03-61EF-4989-9177-781B55956B25}.Debug|Any CPU.ActiveCfg = Debug|Any CPU
		{31AC3B03-61EF-4989-9177-781B55956B25}.Debug|Any CPU.Build.0 = Debug|Any CPU
		{31AC3B03-61EF-4989-9177-781B55956B25}.DVD-5|Any CPU.ActiveCfg = Debug|Any CPU
		{31AC3B03-61EF-4989-9177-781B55956B25}.DVD-5|Any CPU.Build.0 = Debug|Any CPU
		{31AC3B03-61EF-4989-9177-781B55956B25}.Release|Any CPU.ActiveCfg = Release|Any CPU
		{31AC3B03-61EF-4989-9177-781B55956B25}.Release|Any CPU.Build.0 = Release|Any CPU
		{31AC3B03-61EF-4989-9177-781B55956B25}.SingleImage|Any CPU.ActiveCfg = Debug|Any CPU
		{31AC3B03-61EF-4989-9177-781B55956B25}.SingleImage|Any CPU.Build.0 = Debug|Any CPU
		{4781F6D3-C99D-46C1-9F28-E2A5A84A65A2}.CD_ROM|Any CPU.ActiveCfg = Debug|Any CPU
		{4781F6D3-C99D-46C1-9F28-E2A5A84A65A2}.CD_ROM|Any CPU.Build.0 = Debug|Any CPU
		{4781F6D3-C99D-46C1-9F28-E2A5A84A65A2}.Debug|Any CPU.ActiveCfg = Debug|Any CPU
		{4781F6D3-C99D-46C1-9F28-E2A5A84A65A2}.Debug|Any CPU.Build.0 = Debug|Any CPU
		{4781F6D3-C99D-46C1-9F28-E2A5A84A65A2}.DVD-5|Any CPU.ActiveCfg = Debug|Any CPU
		{4781F6D3-C99D-46C1-9F28-E2A5A84A65A2}.DVD-5|Any CPU.Build.0 = Debug|Any CPU
		{4781F6D3-C99D-46C1-9F28-E2A5A84A65A2}.Release|Any CPU.ActiveCfg = Release|Any CPU
		{4781F6D3-C99D-46C1-9F28-E2A5A84A65A2}.Release|Any CPU.Build.0 = Release|Any CPU
		{4781F6D3-C99D-46C1-9F28-E2A5A84A65A2}.SingleImage|Any CPU.ActiveCfg = Debug|Any CPU
		{4781F6D3-C99D-46C1-9F28-E2A5A84A65A2}.SingleImage|Any CPU.Build.0 = Debug|Any CPU
	EndGlobalSection
	GlobalSection(SolutionProperties) = preSolution
		HideSolutionNode = FALSE
	EndGlobalSection
	GlobalSection(ExtensibilityGlobals) = postSolution
		SolutionGuid = {05B20678-9021-4858-A62B-C67B01195654}
	EndGlobalSection
EndGlobal
